
Microsoft Visual Studio Solution File, Format Version 12.00
# Visual Studio Version 16
VisualStudioVersion = 16.0.31624.102
MinimumVisualStudioVersion = 10.0.40219.1
Project("{9A19103F-16F7-4668-BE54-9A1E7A4F7556}") = "pz5", "pz5\pz5.csproj", "{9BB2E041-75C0-4F3F-BF62-BB0335FEAC67}"
EndProject
Project("{9A19103F-16F7-4668-BE54-9A1E7A4F7556}") = "pz_8", "pz_8\pz_8.csproj", "{C37983C5-9612-4DE8-A33F-C7EEC751FD74}"
EndProject
Project("{9A19103F-16F7-4668-BE54-9A1E7A4F7556}") = "pz_9", "pz_9\pz_9.csproj", "{8B9C07D4-DE68-41FA-BA94-D8930F03B1F7}"
EndProject
Project("{9A19103F-16F7-4668-BE54-9A1E7A4F7556}") = "pz_10", "pz_10\pz_10.csproj", "{E3A4F2A0-5F3A-4917-9868-CC0D964E2BC9}"
EndProject
Project("{9A19103F-16F7-4668-BE54-9A1E7A4F7556}") = "pz_6", "pz_6\pz_6.csproj", "{6B586923-7BFB-4C9A-9B07-7A11CD9D685A}"
EndProject
Project("{9A19103F-16F7-4668-BE54-9A1E7A4F7556}") = "PZ_14", "PZ_14\PZ_14.csproj", "{875F7A00-1F93-420A-B51D-3B456905E863}"
EndProject
Project("{9A19103F-16F7-4668-BE54-9A1E7A4F7556}") = "pz_16 готовая", "pz_16 готовая\pz_16 готовая.csproj", "{1B91F133-A3A4-4798-9E8F-8C916D369F6C}"
EndProject
Project("{9A19103F-16F7-4668-BE54-9A1E7A4F7556}") = "pz_17", "pz_17\pz_17.csproj", "{152FD366-17F0-4198-92E2-2213DFD5E97F}"
EndProject
Project("{FAE04EC0-301F-11D3-BF4B-00C04F79EFBC}") = "pz_18", "pz_18\pz_18.csproj", "{26E063BD-5A1A-4BAD-BE6B-9651A5A4587C}"
EndProject
Project("{FAE04EC0-301F-11D3-BF4B-00C04F79EFBC}") = "pz_18. 2 задание", "pz_18. 2 задание\pz_18. 2 задание.csproj", "{B385BC0D-84CC-4B4E-8F09-16EA43E396A4}"
EndProject
Project("{FAE04EC0-301F-11D3-BF4B-00C04F79EFBC}") = "pz_18. 3 задание", "pz_18. 3 задание\pz_18. 3 задание.csproj", "{3265B74F-C031-4B56-B58D-4896712D2077}"
EndProject
Project("{FAE04EC0-301F-11D3-BF4B-00C04F79EFBC}") = "pz_18. 4 задание", "pz_18. 4 задание\pz_18. 4 задание.csproj", "{ACBCF8FE-A516-4725-B07B-1D6CB0001509}"
EndProject
Global
	GlobalSection(SolutionConfigurationPlatforms) = preSolution
		Debug|Any CPU = Debug|Any CPU
		Release|Any CPU = Release|Any CPU
	EndGlobalSection
	GlobalSection(ProjectConfigurationPlatforms) = postSolution
		{9BB2E041-75C0-4F3F-BF62-BB0335FEAC67}.Debug|Any CPU.ActiveCfg = Debug|Any CPU
		{9BB2E041-75C0-4F3F-BF62-BB0335FEAC67}.Debug|Any CPU.Build.0 = Debug|Any CPU
		{9BB2E041-75C0-4F3F-BF62-BB0335FEAC67}.Release|Any CPU.ActiveCfg = Release|Any CPU
		{9BB2E041-75C0-4F3F-BF62-BB0335FEAC67}.Release|Any CPU.Build.0 = Release|Any CPU
		{C37983C5-9612-4DE8-A33F-C7EEC751FD74}.Debug|Any CPU.ActiveCfg = Debug|Any CPU
		{C37983C5-9612-4DE8-A33F-C7EEC751FD74}.Debug|Any CPU.Build.0 = Debug|Any CPU
		{C37983C5-9612-4DE8-A33F-C7EEC751FD74}.Release|Any CPU.ActiveCfg = Release|Any CPU
		{C37983C5-9612-4DE8-A33F-C7EEC751FD74}.Release|Any CPU.Build.0 = Release|Any CPU
		{8B9C07D4-DE68-41FA-BA94-D8930F03B1F7}.Debug|Any CPU.ActiveCfg = Debug|Any CPU
		{8B9C07D4-DE68-41FA-BA94-D8930F03B1F7}.Debug|Any CPU.Build.0 = Debug|Any CPU
		{8B9C07D4-DE68-41FA-BA94-D8930F03B1F7}.Release|Any CPU.ActiveCfg = Release|Any CPU
		{8B9C07D4-DE68-41FA-BA94-D8930F03B1F7}.Release|Any CPU.Build.0 = Release|Any CPU
		{E3A4F2A0-5F3A-4917-9868-CC0D964E2BC9}.Debug|Any CPU.ActiveCfg = Debug|Any CPU
		{E3A4F2A0-5F3A-4917-9868-CC0D964E2BC9}.Debug|Any CPU.Build.0 = Debug|Any CPU
		{E3A4F2A0-5F3A-4917-9868-CC0D964E2BC9}.Release|Any CPU.ActiveCfg = Release|Any CPU
		{E3A4F2A0-5F3A-4917-9868-CC0D964E2BC9}.Release|Any CPU.Build.0 = Release|Any CPU
		{6B586923-7BFB-4C9A-9B07-7A11CD9D685A}.Debug|Any CPU.ActiveCfg = Debug|Any CPU
		{6B586923-7BFB-4C9A-9B07-7A11CD9D685A}.Debug|Any CPU.Build.0 = Debug|Any CPU
		{6B586923-7BFB-4C9A-9B07-7A11CD9D685A}.Release|Any CPU.ActiveCfg = Release|Any CPU
		{6B586923-7BFB-4C9A-9B07-7A11CD9D685A}.Release|Any CPU.Build.0 = Release|Any CPU
		{875F7A00-1F93-420A-B51D-3B456905E863}.Debug|Any CPU.ActiveCfg = Debug|Any CPU
		{875F7A00-1F93-420A-B51D-3B456905E863}.Debug|Any CPU.Build.0 = Debug|Any CPU
		{875F7A00-1F93-420A-B51D-3B456905E863}.Release|Any CPU.ActiveCfg = Release|Any CPU
		{875F7A00-1F93-420A-B51D-3B456905E863}.Release|Any CPU.Build.0 = Release|Any CPU
		{1B91F133-A3A4-4798-9E8F-8C916D369F6C}.Debug|Any CPU.ActiveCfg = Debug|Any CPU
		{1B91F133-A3A4-4798-9E8F-8C916D369F6C}.Debug|Any CPU.Build.0 = Debug|Any CPU
		{1B91F133-A3A4-4798-9E8F-8C916D369F6C}.Release|Any CPU.ActiveCfg = Release|Any CPU
		{1B91F133-A3A4-4798-9E8F-8C916D369F6C}.Release|Any CPU.Build.0 = Release|Any CPU
		{152FD366-17F0-4198-92E2-2213DFD5E97F}.Debug|Any CPU.ActiveCfg = Debug|Any CPU
		{152FD366-17F0-4198-92E2-2213DFD5E97F}.Debug|Any CPU.Build.0 = Debug|Any CPU
		{152FD366-17F0-4198-92E2-2213DFD5E97F}.Release|Any CPU.ActiveCfg = Release|Any CPU
		{152FD366-17F0-4198-92E2-2213DFD5E97F}.Release|Any CPU.Build.0 = Release|Any CPU
		{26E063BD-5A1A-4BAD-BE6B-9651A5A4587C}.Debug|Any CPU.ActiveCfg = Debug|Any CPU
		{26E063BD-5A1A-4BAD-BE6B-9651A5A4587C}.Debug|Any CPU.Build.0 = Debug|Any CPU
		{26E063BD-5A1A-4BAD-BE6B-9651A5A4587C}.Release|Any CPU.ActiveCfg = Release|Any CPU
		{26E063BD-5A1A-4BAD-BE6B-9651A5A4587C}.Release|Any CPU.Build.0 = Release|Any CPU
		{B385BC0D-84CC-4B4E-8F09-16EA43E396A4}.Debug|Any CPU.ActiveCfg = Debug|Any CPU
		{B385BC0D-84CC-4B4E-8F09-16EA43E396A4}.Debug|Any CPU.Build.0 = Debug|Any CPU
		{B385BC0D-84CC-4B4E-8F09-16EA43E396A4}.Release|Any CPU.ActiveCfg = Release|Any CPU
		{B385BC0D-84CC-4B4E-8F09-16EA43E396A4}.Release|Any CPU.Build.0 = Release|Any CPU
		{3265B74F-C031-4B56-B58D-4896712D2077}.Debug|Any CPU.ActiveCfg = Debug|Any CPU
		{3265B74F-C031-4B56-B58D-4896712D2077}.Debug|Any CPU.Build.0 = Debug|Any CPU
		{3265B74F-C031-4B56-B58D-4896712D2077}.Release|Any CPU.ActiveCfg = Release|Any CPU
		{3265B74F-C031-4B56-B58D-4896712D2077}.Release|Any CPU.Build.0 = Release|Any CPU
		{ACBCF8FE-A516-4725-B07B-1D6CB0001509}.Debug|Any CPU.ActiveCfg = Debug|Any CPU
		{ACBCF8FE-A516-4725-B07B-1D6CB0001509}.Debug|Any CPU.Build.0 = Debug|Any CPU
		{ACBCF8FE-A516-4725-B07B-1D6CB0001509}.Release|Any CPU.ActiveCfg = Release|Any CPU
		{ACBCF8FE-A516-4725-B07B-1D6CB0001509}.Release|Any CPU.Build.0 = Release|Any CPU
	EndGlobalSection
	GlobalSection(SolutionProperties) = preSolution
		HideSolutionNode = FALSE
	EndGlobalSection
	GlobalSection(ExtensibilityGlobals) = postSolution
		SolutionGuid = {1AC465D4-E7B1-462A-9F3A-5D74ADA86E70}
	EndGlobalSection
EndGlobal
