
Microsoft Visual Studio Solution File, Format Version 12.00
# Visual Studio Version 16
VisualStudioVersion = 16.0.31702.278
MinimumVisualStudioVersion = 10.0.40219.1
Project("{9A19103F-16F7-4668-BE54-9A1E7A4F7556}") = "pz5", "pz5\pz5.csproj", "{9BB2E041-75C0-4F3F-BF62-BB0335FEAC67}"
EndProject
Project("{9A19103F-16F7-4668-BE54-9A1E7A4F7556}") = "pz_8", "pz_8\pz_8.csproj", "{C37983C5-9612-4DE8-A33F-C7EEC751FD74}"
EndProject
Project("{FAE04EC0-301F-11D3-BF4B-00C04F79EFBC}") = "pz_9", "pz_9\pz_9.csproj", "{8B9C07D4-DE68-41FA-BA94-D8930F03B1F7}"
EndProject
Global
	GlobalSection(SolutionConfigurationPlatforms) = preSolution
		Debug|Any CPU = Debug|Any CPU
		Release|Any CPU = Release|Any CPU
	EndGlobalSection
	GlobalSection(ProjectConfigurationPlatforms) = postSolution
		{9BB2E041-75C0-4F3F-BF62-BB0335FEAC67}.Debug|Any CPU.ActiveCfg = Debug|Any CPU
		{9BB2E041-75C0-4F3F-BF62-BB0335FEAC67}.Debug|Any CPU.Build.0 = Debug|Any CPU
		{9BB2E041-75C0-4F3F-BF62-BB0335FEAC67}.Release|Any CPU.ActiveCfg = Release|Any CPU
		{9BB2E041-75C0-4F3F-BF62-BB0335FEAC67}.Release|Any CPU.Build.0 = Release|Any CPU
		{C37983C5-9612-4DE8-A33F-C7EEC751FD74}.Debug|Any CPU.ActiveCfg = Debug|Any CPU
		{C37983C5-9612-4DE8-A33F-C7EEC751FD74}.Debug|Any CPU.Build.0 = Debug|Any CPU
		{C37983C5-9612-4DE8-A33F-C7EEC751FD74}.Release|Any CPU.ActiveCfg = Release|Any CPU
		{C37983C5-9612-4DE8-A33F-C7EEC751FD74}.Release|Any CPU.Build.0 = Release|Any CPU
		{8B9C07D4-DE68-41FA-BA94-D8930F03B1F7}.Debug|Any CPU.ActiveCfg = Debug|Any CPU
		{8B9C07D4-DE68-41FA-BA94-D8930F03B1F7}.Debug|Any CPU.Build.0 = Debug|Any CPU
		{8B9C07D4-DE68-41FA-BA94-D8930F03B1F7}.Release|Any CPU.ActiveCfg = Release|Any CPU
		{8B9C07D4-DE68-41FA-BA94-D8930F03B1F7}.Release|Any CPU.Build.0 = Release|Any CPU
	EndGlobalSection
	GlobalSection(SolutionProperties) = preSolution
		HideSolutionNode = FALSE
	EndGlobalSection
	GlobalSection(ExtensibilityGlobals) = postSolution
		SolutionGuid = {1AC465D4-E7B1-462A-9F3A-5D74ADA86E70}
	EndGlobalSection
EndGlobal
